
Microsoft Visual Studio Solution File, Format Version 12.00
# Visual Studio Version 17
VisualStudioVersion = 17.2.32519.379
MinimumVisualStudioVersion = 10.0.40219.1
Project("{9A19103F-16F7-4668-BE54-9A1E7A4F7556}") = "DataMaintenanceEnhanced", "DataMaintenanceEnhanced\DataMaintenanceEnhanced.csproj", "{32DF4A76-47E7-45D2-BAC2-66B327CAD1B2}"
EndProject
Project("{2150E333-8FDC-42A3-9474-1A3956D46DE8}") = "Solution Items", "Solution Items", "{0BB4C397-F971-4A38-BEEC-193660C6EE43}"
	ProjectSection(SolutionItems) = preProject
		.editorconfig = .editorconfig
	EndProjectSection
EndProject
Global
	GlobalSection(SolutionConfigurationPlatforms) = preSolution
		Debug|Any CPU = Debug|Any CPU
		Release|Any CPU = Release|Any CPU
	EndGlobalSection
	GlobalSection(ProjectConfigurationPlatforms) = postSolution
		{32DF4A76-47E7-45D2-BAC2-66B327CAD1B2}.Debug|Any CPU.ActiveCfg = Debug|Any CPU
		{32DF4A76-47E7-45D2-BAC2-66B327CAD1B2}.Debug|Any CPU.Build.0 = Debug|Any CPU
		{32DF4A76-47E7-45D2-BAC2-66B327CAD1B2}.Release|Any CPU.ActiveCfg = Release|Any CPU
		{32DF4A76-47E7-45D2-BAC2-66B327CAD1B2}.Release|Any CPU.Build.0 = Release|Any CPU
	EndGlobalSection
	GlobalSection(SolutionProperties) = preSolution
		HideSolutionNode = FALSE
	EndGlobalSection
	GlobalSection(ExtensibilityGlobals) = postSolution
		SolutionGuid = {558CD159-1682-41E8-8403-6C8B4250D9D1}
	EndGlobalSection
EndGlobal
